
Microsoft Visual Studio Solution File, Format Version 12.00
# Visual Studio Version 17
VisualStudioVersion = 17.10.35122.118
MinimumVisualStudioVersion = 10.0.40219.1
Project("{8BC9CEB8-8B4A-11D0-8D11-00A0C91BC942}") = "Lexer", "Lexer\Lexer.vcxproj", "{68F5665B-36C6-4778-965E-750CEE33142A}"
EndProject
Project("{8BC9CEB8-8B4A-11D0-8D11-00A0C91BC942}") = "Parser", "Parser\Parser.vcxproj", "{FA5D972E-26E4-470B-BEC1-CD4C634861FE}"
EndProject
Project("{8BC9CEB8-8B4A-11D0-8D11-00A0C91BC942}") = "Base", "Base\Base.vcxproj", "{394CCC1C-1D6B-40ED-BC31-D072292B7CB8}"
EndProject
Global
	GlobalSection(SolutionConfigurationPlatforms) = preSolution
		Debug|x64 = Debug|x64
		Debug|x86 = Debug|x86
		Release|x64 = Release|x64
		Release|x86 = Release|x86
	EndGlobalSection
	GlobalSection(ProjectConfigurationPlatforms) = postSolution
		{68F5665B-36C6-4778-965E-750CEE33142A}.Debug|x64.ActiveCfg = Debug|x64
		{68F5665B-36C6-4778-965E-750CEE33142A}.Debug|x64.Build.0 = Debug|x64
		{68F5665B-36C6-4778-965E-750CEE33142A}.Debug|x86.ActiveCfg = Debug|Win32
		{68F5665B-36C6-4778-965E-750CEE33142A}.Debug|x86.Build.0 = Debug|Win32
		{68F5665B-36C6-4778-965E-750CEE33142A}.Release|x64.ActiveCfg = Release|x64
		{68F5665B-36C6-4778-965E-750CEE33142A}.Release|x64.Build.0 = Release|x64
		{68F5665B-36C6-4778-965E-750CEE33142A}.Release|x86.ActiveCfg = Release|Win32
		{68F5665B-36C6-4778-965E-750CEE33142A}.Release|x86.Build.0 = Release|Win32
		{FA5D972E-26E4-470B-BEC1-CD4C634861FE}.Debug|x64.ActiveCfg = Debug|x64
		{FA5D972E-26E4-470B-BEC1-CD4C634861FE}.Debug|x64.Build.0 = Debug|x64
		{FA5D972E-26E4-470B-BEC1-CD4C634861FE}.Debug|x86.ActiveCfg = Debug|Win32
		{FA5D972E-26E4-470B-BEC1-CD4C634861FE}.Debug|x86.Build.0 = Debug|Win32
		{FA5D972E-26E4-470B-BEC1-CD4C634861FE}.Release|x64.ActiveCfg = Release|x64
		{FA5D972E-26E4-470B-BEC1-CD4C634861FE}.Release|x64.Build.0 = Release|x64
		{FA5D972E-26E4-470B-BEC1-CD4C634861FE}.Release|x86.ActiveCfg = Release|Win32
		{FA5D972E-26E4-470B-BEC1-CD4C634861FE}.Release|x86.Build.0 = Release|Win32
		{394CCC1C-1D6B-40ED-BC31-D072292B7CB8}.Debug|x64.ActiveCfg = Debug|x64
		{394CCC1C-1D6B-40ED-BC31-D072292B7CB8}.Debug|x64.Build.0 = Debug|x64
		{394CCC1C-1D6B-40ED-BC31-D072292B7CB8}.Debug|x86.ActiveCfg = Debug|Win32
		{394CCC1C-1D6B-40ED-BC31-D072292B7CB8}.Debug|x86.Build.0 = Debug|Win32
		{394CCC1C-1D6B-40ED-BC31-D072292B7CB8}.Release|x64.ActiveCfg = Release|x64
		{394CCC1C-1D6B-40ED-BC31-D072292B7CB8}.Release|x64.Build.0 = Release|x64
		{394CCC1C-1D6B-40ED-BC31-D072292B7CB8}.Release|x86.ActiveCfg = Release|Win32
		{394CCC1C-1D6B-40ED-BC31-D072292B7CB8}.Release|x86.Build.0 = Release|Win32
	EndGlobalSection
	GlobalSection(SolutionProperties) = preSolution
		HideSolutionNode = FALSE
	EndGlobalSection
	GlobalSection(ExtensibilityGlobals) = postSolution
		SolutionGuid = {917BF1FA-F2BC-4C0F-919B-3ABB2F323EBE}
	EndGlobalSection
EndGlobal
